
Microsoft Visual Studio Solution File, Format Version 12.00
# Visual Studio Version 16
VisualStudioVersion = 16.0.31702.278
MinimumVisualStudioVersion = 10.0.40219.1
Project("{8BC9CEB8-8B4A-11D0-8D11-00A0C91BC942}") = "NULLTerminatedLines", "NULLTerminatedLines\NULLTerminatedLines.vcxproj", "{3B1944BB-D711-461A-848A-06AC77EE7972}"
EndProject
Project("{8BC9CEB8-8B4A-11D0-8D11-00A0C91BC942}") = "Files", "Files\Files.vcxproj", "{B15D6411-D2FE-4E50-8E30-02F978F705C4}"
EndProject
Global
	GlobalSection(SolutionConfigurationPlatforms) = preSolution
		Debug|x64 = Debug|x64
		Debug|x86 = Debug|x86
		Release|x64 = Release|x64
		Release|x86 = Release|x86
	EndGlobalSection
	GlobalSection(ProjectConfigurationPlatforms) = postSolution
		{3B1944BB-D711-461A-848A-06AC77EE7972}.Debug|x64.ActiveCfg = Debug|x64
		{3B1944BB-D711-461A-848A-06AC77EE7972}.Debug|x64.Build.0 = Debug|x64
		{3B1944BB-D711-461A-848A-06AC77EE7972}.Debug|x86.ActiveCfg = Debug|Win32
		{3B1944BB-D711-461A-848A-06AC77EE7972}.Debug|x86.Build.0 = Debug|Win32
		{3B1944BB-D711-461A-848A-06AC77EE7972}.Release|x64.ActiveCfg = Release|x64
		{3B1944BB-D711-461A-848A-06AC77EE7972}.Release|x64.Build.0 = Release|x64
		{3B1944BB-D711-461A-848A-06AC77EE7972}.Release|x86.ActiveCfg = Release|Win32
		{3B1944BB-D711-461A-848A-06AC77EE7972}.Release|x86.Build.0 = Release|Win32
		{B15D6411-D2FE-4E50-8E30-02F978F705C4}.Debug|x64.ActiveCfg = Debug|x64
		{B15D6411-D2FE-4E50-8E30-02F978F705C4}.Debug|x64.Build.0 = Debug|x64
		{B15D6411-D2FE-4E50-8E30-02F978F705C4}.Debug|x86.ActiveCfg = Debug|Win32
		{B15D6411-D2FE-4E50-8E30-02F978F705C4}.Debug|x86.Build.0 = Debug|Win32
		{B15D6411-D2FE-4E50-8E30-02F978F705C4}.Release|x64.ActiveCfg = Release|x64
		{B15D6411-D2FE-4E50-8E30-02F978F705C4}.Release|x64.Build.0 = Release|x64
		{B15D6411-D2FE-4E50-8E30-02F978F705C4}.Release|x86.ActiveCfg = Release|Win32
		{B15D6411-D2FE-4E50-8E30-02F978F705C4}.Release|x86.Build.0 = Release|Win32
	EndGlobalSection
	GlobalSection(SolutionProperties) = preSolution
		HideSolutionNode = FALSE
	EndGlobalSection
	GlobalSection(ExtensibilityGlobals) = postSolution
		SolutionGuid = {5520ED89-F299-49BF-BB11-B4E753361A14}
	EndGlobalSection
EndGlobal
